
Microsoft Visual Studio Solution File, Format Version 12.00
# Visual Studio Version 17
VisualStudioVersion = 17.11.35327.3
MinimumVisualStudioVersion = 10.0.40219.1
Project("{2150E333-8FDC-42A3-9474-1A3956D46DE8}") = "GerenciamentoDeContratos.Modulos", "GerenciamentoDeContratos.Modulos", "{B838FC7E-2539-4927-87F6-34BA401A15AC}"
EndProject
Project("{9A19103F-16F7-4668-BE54-9A1E7A4F7556}") = "Contratos.Shared", "GerenciamentoDeContratos.Shared\Contratos.Shared.csproj", "{F361349A-97D4-4EA4-9C72-11ED4E972FFD}"
EndProject
Project("{2150E333-8FDC-42A3-9474-1A3956D46DE8}") = "Contratos", "Contratos", "{FD7FE3D5-40E7-4549-A01D-4DDE15B83C81}"
EndProject
Project("{9A19103F-16F7-4668-BE54-9A1E7A4F7556}") = "Contratos.Application", "Contratos.Application\Contratos.Application.csproj", "{DD50B329-CC9B-4CBE-A183-EA99EA5EE31C}"
EndProject
Project("{9A19103F-16F7-4668-BE54-9A1E7A4F7556}") = "Contratos.Domain", "Contratos.Domain\Contratos.Domain.csproj", "{E3C80317-C488-4E69-B731-1A0F54CE3DA5}"
EndProject
Project("{9A19103F-16F7-4668-BE54-9A1E7A4F7556}") = "Contratos.Infraestucture", "Contratos.Infraestucture\Contratos.Infraestucture.csproj", "{48FC9E4C-475B-4CB2-AB65-AE05BA29BB53}"
EndProject
Project("{FAE04EC0-301F-11D3-BF4B-00C04F79EFBC}") = "Contratos.Api", "Contratos.Api\Contratos.Api.csproj", "{4E015C74-4191-4295-9285-7EE076A01C1E}"
EndProject
Global
	GlobalSection(SolutionConfigurationPlatforms) = preSolution
		Debug|Any CPU = Debug|Any CPU
		Release|Any CPU = Release|Any CPU
	EndGlobalSection
	GlobalSection(ProjectConfigurationPlatforms) = postSolution
		{F361349A-97D4-4EA4-9C72-11ED4E972FFD}.Debug|Any CPU.ActiveCfg = Debug|Any CPU
		{F361349A-97D4-4EA4-9C72-11ED4E972FFD}.Debug|Any CPU.Build.0 = Debug|Any CPU
		{F361349A-97D4-4EA4-9C72-11ED4E972FFD}.Release|Any CPU.ActiveCfg = Release|Any CPU
		{F361349A-97D4-4EA4-9C72-11ED4E972FFD}.Release|Any CPU.Build.0 = Release|Any CPU
		{DD50B329-CC9B-4CBE-A183-EA99EA5EE31C}.Debug|Any CPU.ActiveCfg = Debug|Any CPU
		{DD50B329-CC9B-4CBE-A183-EA99EA5EE31C}.Debug|Any CPU.Build.0 = Debug|Any CPU
		{DD50B329-CC9B-4CBE-A183-EA99EA5EE31C}.Release|Any CPU.ActiveCfg = Release|Any CPU
		{DD50B329-CC9B-4CBE-A183-EA99EA5EE31C}.Release|Any CPU.Build.0 = Release|Any CPU
		{E3C80317-C488-4E69-B731-1A0F54CE3DA5}.Debug|Any CPU.ActiveCfg = Debug|Any CPU
		{E3C80317-C488-4E69-B731-1A0F54CE3DA5}.Debug|Any CPU.Build.0 = Debug|Any CPU
		{E3C80317-C488-4E69-B731-1A0F54CE3DA5}.Release|Any CPU.ActiveCfg = Release|Any CPU
		{E3C80317-C488-4E69-B731-1A0F54CE3DA5}.Release|Any CPU.Build.0 = Release|Any CPU
		{48FC9E4C-475B-4CB2-AB65-AE05BA29BB53}.Debug|Any CPU.ActiveCfg = Debug|Any CPU
		{48FC9E4C-475B-4CB2-AB65-AE05BA29BB53}.Debug|Any CPU.Build.0 = Debug|Any CPU
		{48FC9E4C-475B-4CB2-AB65-AE05BA29BB53}.Release|Any CPU.ActiveCfg = Release|Any CPU
		{48FC9E4C-475B-4CB2-AB65-AE05BA29BB53}.Release|Any CPU.Build.0 = Release|Any CPU
		{4E015C74-4191-4295-9285-7EE076A01C1E}.Debug|Any CPU.ActiveCfg = Debug|Any CPU
		{4E015C74-4191-4295-9285-7EE076A01C1E}.Debug|Any CPU.Build.0 = Debug|Any CPU
		{4E015C74-4191-4295-9285-7EE076A01C1E}.Release|Any CPU.ActiveCfg = Release|Any CPU
		{4E015C74-4191-4295-9285-7EE076A01C1E}.Release|Any CPU.Build.0 = Release|Any CPU
	EndGlobalSection
	GlobalSection(SolutionProperties) = preSolution
		HideSolutionNode = FALSE
	EndGlobalSection
	GlobalSection(NestedProjects) = preSolution
		{F361349A-97D4-4EA4-9C72-11ED4E972FFD} = {FD7FE3D5-40E7-4549-A01D-4DDE15B83C81}
		{FD7FE3D5-40E7-4549-A01D-4DDE15B83C81} = {B838FC7E-2539-4927-87F6-34BA401A15AC}
		{DD50B329-CC9B-4CBE-A183-EA99EA5EE31C} = {FD7FE3D5-40E7-4549-A01D-4DDE15B83C81}
		{E3C80317-C488-4E69-B731-1A0F54CE3DA5} = {FD7FE3D5-40E7-4549-A01D-4DDE15B83C81}
		{48FC9E4C-475B-4CB2-AB65-AE05BA29BB53} = {FD7FE3D5-40E7-4549-A01D-4DDE15B83C81}
	EndGlobalSection
	GlobalSection(ExtensibilityGlobals) = postSolution
		SolutionGuid = {546119B4-E5A0-4EFE-87BC-0A726B764C6B}
	EndGlobalSection
EndGlobal
